Microsoft Visual Studio Solution File, Format Version 12.00
# Visual Studio Version 17
VisualStudioVersion = 17.5.2.0
MinimumVisualStudioVersion = 10.0.40219.1
Project("{9A19103F-16F7-4668-BE54-9A1E7A4F7556}") = "UserProximity.API", "UserProximity.API.csproj", "{5FCA96BE-A038-6FC8-2AF7-5AF433839A03}"
EndProject
Global
	GlobalSection(SolutionConfigurationPlatforms) = preSolution
		Debug|Any CPU = Debug|Any CPU
		Release|Any CPU = Release|Any CPU
	EndGlobalSection
	GlobalSection(ProjectConfigurationPlatforms) = postSolution
		{5FCA96BE-A038-6FC8-2AF7-5AF433839A03}.Debug|Any CPU.ActiveCfg = Debug|Any CPU
		{5FCA96BE-A038-6FC8-2AF7-5AF433839A03}.Debug|Any CPU.Build.0 = Debug|Any CPU
		{5FCA96BE-A038-6FC8-2AF7-5AF433839A03}.Release|Any CPU.ActiveCfg = Release|Any CPU
		{5FCA96BE-A038-6FC8-2AF7-5AF433839A03}.Release|Any CPU.Build.0 = Release|Any CPU
	EndGlobalSection
	GlobalSection(SolutionProperties) = preSolution
		HideSolutionNode = FALSE
	EndGlobalSection
	GlobalSection(ExtensibilityGlobals) = postSolution
		SolutionGuid = {CDC804EE-0036-41D0-B875-B81D7B046ECC}
	EndGlobalSection
EndGlobal
